
Microsoft Visual Studio Solution File, Format Version 12.00
# Visual Studio Version 16
VisualStudioVersion = 16.0.29418.71
MinimumVisualStudioVersion = 10.0.40219.1
Project("{FAE04EC0-301F-11D3-BF4B-00C04F79EFBC}") = "api", "api\api.csproj", "{6AE6F181-E935-43ED-9E80-97C5E8C40DCE}"
EndProject
Global
	GlobalSection(SolutionConfigurationPlatforms) = preSolution
		Debug|Any CPU = Debug|Any CPU
		Release|Any CPU = Release|Any CPU
	EndGlobalSection
	GlobalSection(ProjectConfigurationPlatforms) = postSolution
		{6AE6F181-E935-43ED-9E80-97C5E8C40DCE}.Debug|Any CPU.ActiveCfg = Debug|Any CPU
		{6AE6F181-E935-43ED-9E80-97C5E8C40DCE}.Debug|Any CPU.Build.0 = Debug|Any CPU
		{6AE6F181-E935-43ED-9E80-97C5E8C40DCE}.Release|Any CPU.ActiveCfg = Release|Any CPU
		{6AE6F181-E935-43ED-9E80-97C5E8C40DCE}.Release|Any CPU.Build.0 = Release|Any CPU
	EndGlobalSection
	GlobalSection(SolutionProperties) = preSolution
		HideSolutionNode = FALSE
	EndGlobalSection
	GlobalSection(ExtensibilityGlobals) = postSolution
		SolutionGuid = {28308E9F-A288-4517-B5CE-4E1FA923ECD7}
	EndGlobalSection
EndGlobal
